
Microsoft Visual Studio Solution File, Format Version 12.00
# Visual Studio Version 16
VisualStudioVersion = 16.0.30907.101
MinimumVisualStudioVersion = 10.0.40219.1
Project("{FAE04EC0-301F-11D3-BF4B-00C04F79EFBC}") = "WindowsServices", "TestTask\WindowsServices.csproj", "{30D8D4D0-6264-43D1-B772-C96662D79D2D}"
EndProject
Global
	GlobalSection(SolutionConfigurationPlatforms) = preSolution
		Debug|Any CPU = Debug|Any CPU
		Release|Any CPU = Release|Any CPU
	EndGlobalSection
	GlobalSection(ProjectConfigurationPlatforms) = postSolution
		{30D8D4D0-6264-43D1-B772-C96662D79D2D}.Debug|Any CPU.ActiveCfg = Debug|Any CPU
		{30D8D4D0-6264-43D1-B772-C96662D79D2D}.Debug|Any CPU.Build.0 = Debug|Any CPU
		{30D8D4D0-6264-43D1-B772-C96662D79D2D}.Release|Any CPU.ActiveCfg = Release|Any CPU
		{30D8D4D0-6264-43D1-B772-C96662D79D2D}.Release|Any CPU.Build.0 = Release|Any CPU
	EndGlobalSection
	GlobalSection(SolutionProperties) = preSolution
		HideSolutionNode = FALSE
	EndGlobalSection
	GlobalSection(ExtensibilityGlobals) = postSolution
		SolutionGuid = {2381CC45-F524-49CC-9342-6E5E7EEF4519}
	EndGlobalSection
EndGlobal
